// !$*UTF8*$!
{
	archiveVersion = 1;
	classes = {
	};
	objectVersion = 46;
	objects = {

/* Begin PBXBuildFile section */
		6398F3F616EE67FB00296AC3 /* UIKit.framework in Frameworks */ = {isa = PBXBuildFile; fileRef = 6398F3F516EE67FB00296AC3 /* UIKit.framework */; };
		6398F3F816EE67FB00296AC3 /* Foundation.framework in Frameworks */ = {isa = PBXBuildFile; fileRef = 6398F3F716EE67FB00296AC3 /* Foundation.framework */; };
		6398F3FA16EE67FB00296AC3 /* CoreGraphics.framework in Frameworks */ = {isa = PBXBuildFile; fileRef = 6398F3F916EE67FB00296AC3 /* CoreGraphics.framework */; };
		6398F40016EE67FB00296AC3 /* InfoPlist.strings in Resources */ = {isa = PBXBuildFile; fileRef = 6398F3FE16EE67FB00296AC3 /* InfoPlist.strings */; };
		6398F40216EE67FB00296AC3 /* main.m in Sources */ = {isa = PBXBuildFile; fileRef = 6398F40116EE67FB00296AC3 /* main.m */; };
		6398F40616EE67FB00296AC3 /* CosmicAppDelegate.m in Sources */ = {isa = PBXBuildFile; fileRef = 6398F40516EE67FB00296AC3 /* CosmicAppDelegate.m */; };
		6398F40816EE67FB00296AC3 /* Default.png in Resources */ = {isa = PBXBuildFile; fileRef = 6398F40716EE67FB00296AC3 /* Default.png */; };
		6398F40A16EE67FB00296AC3 /* Default@2x.png in Resources */ = {isa = PBXBuildFile; fileRef = 6398F40916EE67FB00296AC3 /* Default@2x.png */; };
		6398F40C16EE67FB00296AC3 /* Default-568h@2x.png in Resources */ = {isa = PBXBuildFile; fileRef = 6398F40B16EE67FB00296AC3 /* Default-568h@2x.png */; };
		6398F40F16EE67FB00296AC3 /* MainStoryboard_iPhone.storyboard in Resources */ = {isa = PBXBuildFile; fileRef = 6398F40D16EE67FB00296AC3 /* MainStoryboard_iPhone.storyboard */; };
		6398F41216EE67FB00296AC3 /* MainStoryboard_iPad.storyboard in Resources */ = {isa = PBXBuildFile; fileRef = 6398F41016EE67FB00296AC3 /* MainStoryboard_iPad.storyboard */; };
		6398F41516EE67FB00296AC3 /* CosmicViewController.m in Sources */ = {isa = PBXBuildFile; fileRef = 6398F41416EE67FB00296AC3 /* CosmicViewController.m */; };
		6398F41C16EE686400296AC3 /* AVFoundation.framework in Frameworks */ = {isa = PBXBuildFile; fileRef = 6398F41B16EE686400296AC3 /* AVFoundation.framework */; };
		6398F42116EE6D6D00296AC3 /* CosmicBrain.m in Sources */ = {isa = PBXBuildFile; fileRef = 6398F42016EE6D6D00296AC3 /* CosmicBrain.m */; };
		63B66A2B1700DA3E004C5021 /* CoreMedia.framework in Frameworks */ = {isa = PBXBuildFile; fileRef = 63B66A2A1700DA3E004C5021 /* CoreMedia.framework */; };
		63B66A2D1700DA60004C5021 /* CoreVideo.framework in Frameworks */ = {isa = PBXBuildFile; fileRef = 63B66A2C1700DA60004C5021 /* CoreVideo.framework */; };
		63B66A2F1700E73C004C5021 /* ImageIO.framework in Frameworks */ = {isa = PBXBuildFile; fileRef = 63B66A2E1700E73C004C5021 /* ImageIO.framework */; };
		FC6F4273174296C20029EB1C /* cosmos.png in Resources */ = {isa = PBXBuildFile; fileRef = FC6F4272174296C20029EB1C /* cosmos.png */; };
		FC9249DB174A3B520094DFB4 /* CosmicStampView.m in Sources */ = {isa = PBXBuildFile; fileRef = FC9249DA174A3B520094DFB4 /* CosmicStampView.m */; };
		FC9249DF174A63C60094DFB4 /* CosmicStampViewController.m in Sources */ = {isa = PBXBuildFile; fileRef = FC9249DE174A63C60094DFB4 /* CosmicStampViewController.m */; };
		FC9249E2174A79350094DFB4 /* CosmicStamp.m in Sources */ = {isa = PBXBuildFile; fileRef = FC9249E1174A79340094DFB4 /* CosmicStamp.m */; };
		FCA3F2A3174E6D4E00B98537 /* cosmic_icon.png in Resources */ = {isa = PBXBuildFile; fileRef = FC6F4278174298BB0029EB1C /* cosmic_icon.png */; };
		FCA3F2A4174E6D5100B98537 /* cosmic_icon@2x.png in Resources */ = {isa = PBXBuildFile; fileRef = FC6F427A174298C20029EB1C /* cosmic_icon@2x.png */; };
		FCA3F2AA174E6E0E00B98537 /* cosmic_icon_ipad.png in Resources */ = {isa = PBXBuildFile; fileRef = FCA3F2A9174E6E0E00B98537 /* cosmic_icon_ipad.png */; };
		FCA3F2AC174E6E1100B98537 /* cosmic_icon_ipad@2x.png in Resources */ = {isa = PBXBuildFile; fileRef = FCA3F2AB174E6E1100B98537 /* cosmic_icon_ipad@2x.png */; };
		FCF707C317452ECA00BC0D53 /* CosmicCell.m in Sources */ = {isa = PBXBuildFile; fileRef = FCF707C217452ECA00BC0D53 /* CosmicCell.m */; };
/* End PBXBuildFile section */

/* Begin PBXFileReference section */
		6398F3F216EE67FB00296AC3 /* Cosmic.app */ = {isa = PBXFileReference; explicitFileType = wrapper.application; includeInIndex = 0; path = Cosmic.app; sourceTree = BUILT_PRODUCTS_DIR; };
		6398F3F516EE67FB00296AC3 /* UIKit.framework */ = {isa = PBXFileReference; lastKnownFileType = wrapper.framework; name = UIKit.framework; path = System/Library/Frameworks/UIKit.framework; sourceTree = SDKROOT; };
		6398F3F716EE67FB00296AC3 /* Foundation.framework */ = {isa = PBXFileReference; lastKnownFileType = wrapper.framework; name = Foundation.framework; path = System/Library/Frameworks/Foundation.framework; sourceTree = SDKROOT; };
		6398F3F916EE67FB00296AC3 /* CoreGraphics.framework */ = {isa = PBXFileReference; lastKnownFileType = wrapper.framework; name = CoreGraphics.framework; path = System/Library/Frameworks/CoreGraphics.framework; sourceTree = SDKROOT; };
		6398F3FD16EE67FB00296AC3 /* Cosmic-Info.plist */ = {isa = PBXFileReference; lastKnownFileType = text.plist.xml; path = "Cosmic-Info.plist"; sourceTree = "<group>"; };
		6398F3FF16EE67FB00296AC3 /* en */ = {isa = PBXFileReference; lastKnownFileType = text.plist.strings; name = en; path = en.lproj/InfoPlist.strings; sourceTree = "<group>"; };
		6398F40116EE67FB00296AC3 /* main.m */ = {isa = PBXFileReference; lastKnownFileType = sourcecode.c.objc; path = main.m; sourceTree = "<group>"; };
		6398F40316EE67FB00296AC3 /* Cosmic-Prefix.pch */ = {isa = PBXFileReference; lastKnownFileType = sourcecode.c.h; path = "Cosmic-Prefix.pch"; sourceTree = "<group>"; };
		6398F40416EE67FB00296AC3 /* CosmicAppDelegate.h */ = {isa = PBXFileReference; lastKnownFileType = sourcecode.c.h; path = CosmicAppDelegate.h; sourceTree = "<group>"; };
		6398F40516EE67FB00296AC3 /* CosmicAppDelegate.m */ = {isa = PBXFileReference; lastKnownFileType = sourcecode.c.objc; path = CosmicAppDelegate.m; sourceTree = "<group>"; };
		6398F40716EE67FB00296AC3 /* Default.png */ = {isa = PBXFileReference; lastKnownFileType = image.png; path = Default.png; sourceTree = "<group>"; };
		6398F40916EE67FB00296AC3 /* Default@2x.png */ = {isa = PBXFileReference; lastKnownFileType = image.png; path = "Default@2x.png"; sourceTree = "<group>"; };
		6398F40B16EE67FB00296AC3 /* Default-568h@2x.png */ = {isa = PBXFileReference; lastKnownFileType = image.png; path = "Default-568h@2x.png"; sourceTree = "<group>"; };
		6398F40E16EE67FB00296AC3 /* en */ = {isa = PBXFileReference; lastKnownFileType = file.storyboard; name = en; path = en.lproj/MainStoryboard_iPhone.storyboard; sourceTree = "<group>"; };
		6398F41116EE67FB00296AC3 /* en */ = {isa = PBXFileReference; lastKnownFileType = file.storyboard; name = en; path = en.lproj/MainStoryboard_iPad.storyboard; sourceTree = "<group>"; };
		6398F41316EE67FB00296AC3 /* CosmicViewController.h */ = {isa = PBXFileReference; lastKnownFileType = sourcecode.c.h; path = CosmicViewController.h; sourceTree = "<group>"; };
		6398F41416EE67FB00296AC3 /* CosmicViewController.m */ = {isa = PBXFileReference; lastKnownFileType = sourcecode.c.objc; path = CosmicViewController.m; sourceTree = "<group>"; };
		6398F41B16EE686400296AC3 /* AVFoundation.framework */ = {isa = PBXFileReference; lastKnownFileType = wrapper.framework; name = AVFoundation.framework; path = System/Library/Frameworks/AVFoundation.framework; sourceTree = SDKROOT; };
		6398F41F16EE6D6D00296AC3 /* CosmicBrain.h */ = {isa = PBXFileReference; fileEncoding = 4; lastKnownFileType = sourcecode.c.h; path = CosmicBrain.h; sourceTree = "<group>"; };
		6398F42016EE6D6D00296AC3 /* CosmicBrain.m */ = {isa = PBXFileReference; fileEncoding = 4; lastKnownFileType = sourcecode.c.objc; path = CosmicBrain.m; sourceTree = "<group>"; };
		63B66A2A1700DA3E004C5021 /* CoreMedia.framework */ = {isa = PBXFileReference; lastKnownFileType = wrapper.framework; name = CoreMedia.framework; path = System/Library/Frameworks/CoreMedia.framework; sourceTree = SDKROOT; };
		63B66A2C1700DA60004C5021 /* CoreVideo.framework */ = {isa = PBXFileReference; lastKnownFileType = wrapper.framework; name = CoreVideo.framework; path = System/Library/Frameworks/CoreVideo.framework; sourceTree = SDKROOT; };
		63B66A2E1700E73C004C5021 /* ImageIO.framework */ = {isa = PBXFileReference; lastKnownFileType = wrapper.framework; name = ImageIO.framework; path = System/Library/Frameworks/ImageIO.framework; sourceTree = SDKROOT; };
		FC6F4272174296C20029EB1C /* cosmos.png */ = {isa = PBXFileReference; lastKnownFileType = image.png; path = cosmos.png; sourceTree = "<group>"; };
		FC6F4278174298BB0029EB1C /* cosmic_icon.png */ = {isa = PBXFileReference; lastKnownFileType = image.png; name = cosmic_icon.png; path = ../cosmic_icon.png; sourceTree = "<group>"; };
		FC6F427A174298C20029EB1C /* cosmic_icon@2x.png */ = {isa = PBXFileReference; lastKnownFileType = image.png; name = "cosmic_icon@2x.png"; path = "../cosmic_icon@2x.png"; sourceTree = "<group>"; };
		FC9249D9174A3B520094DFB4 /* CosmicStampView.h */ = {isa = PBXFileReference; fileEncoding = 4; lastKnownFileType = sourcecode.c.h; path = CosmicStampView.h; sourceTree = "<group>"; };
		FC9249DA174A3B520094DFB4 /* CosmicStampView.m */ = {isa = PBXFileReference; fileEncoding = 4; lastKnownFileType = sourcecode.c.objc; path = CosmicStampView.m; sourceTree = "<group>"; };
		FC9249DD174A63C60094DFB4 /* CosmicStampViewController.h */ = {isa = PBXFileReference; fileEncoding = 4; lastKnownFileType = sourcecode.c.h; path = CosmicStampViewController.h; sourceTree = "<group>"; };
		FC9249DE174A63C60094DFB4 /* CosmicStampViewController.m */ = {isa = PBXFileReference; fileEncoding = 4; lastKnownFileType = sourcecode.c.objc; path = CosmicStampViewController.m; sourceTree = "<group>"; };
		FC9249E0174A79340094DFB4 /* CosmicStamp.h */ = {isa = PBXFileReference; fileEncoding = 4; lastKnownFileType = sourcecode.c.h; path = CosmicStamp.h; sourceTree = "<group>"; };
		FC9249E1174A79340094DFB4 /* CosmicStamp.m */ = {isa = PBXFileReference; fileEncoding = 4; lastKnownFileType = sourcecode.c.objc; path = CosmicStamp.m; sourceTree = "<group>"; };
		FCA3F2A9174E6E0E00B98537 /* cosmic_icon_ipad.png */ = {isa = PBXFileReference; lastKnownFileType = image.png; name = cosmic_icon_ipad.png; path = ../cosmic_icon_ipad.png; sourceTree = "<group>"; };
		FCA3F2AB174E6E1100B98537 /* cosmic_icon_ipad@2x.png */ = {isa = PBXFileReference; lastKnownFileType = image.png; name = "cosmic_icon_ipad@2x.png"; path = "../cosmic_icon_ipad@2x.png"; sourceTree = "<group>"; };
		FCF707C117452ECA00BC0D53 /* CosmicCell.h */ = {isa = PBXFileReference; fileEncoding = 4; lastKnownFileType = sourcecode.c.h; path = CosmicCell.h; sourceTree = "<group>"; };
		FCF707C217452ECA00BC0D53 /* CosmicCell.m */ = {isa = PBXFileReference; fileEncoding = 4; lastKnownFileType = sourcecode.c.objc; path = CosmicCell.m; sourceTree = "<group>"; };
/* End PBXFileReference section */

/* Begin PBXFrameworksBuildPhase section */
		6398F3EF16EE67FA00296AC3 /* Frameworks */ = {
			isa = PBXFrameworksBuildPhase;
			buildActionMask = 2147483647;
			files = (
				63B66A2F1700E73C004C5021 /* ImageIO.framework in Frameworks */,
				63B66A2D1700DA60004C5021 /* CoreVideo.framework in Frameworks */,
				63B66A2B1700DA3E004C5021 /* CoreMedia.framework in Frameworks */,
				6398F41C16EE686400296AC3 /* AVFoundation.framework in Frameworks */,
				6398F3F616EE67FB00296AC3 /* UIKit.framework in Frameworks */,
				6398F3F816EE67FB00296AC3 /* Foundation.framework in Frameworks */,
				6398F3FA16EE67FB00296AC3 /* CoreGraphics.framework in Frameworks */,
			);
			runOnlyForDeploymentPostprocessing = 0;
		};
/* End PBXFrameworksBuildPhase section */

/* Begin PBXGroup section */
		6398F3E916EE67FA00296AC3 = {
			isa = PBXGroup;
			children = (
				6398F3FB16EE67FB00296AC3 /* Cosmic */,
				6398F3F416EE67FB00296AC3 /* Frameworks */,
				6398F3F316EE67FB00296AC3 /* Products */,
			);
			sourceTree = "<group>";
		};
		6398F3F316EE67FB00296AC3 /* Products */ = {
			isa = PBXGroup;
			children = (
				6398F3F216EE67FB00296AC3 /* Cosmic.app */,
			);
			name = Products;
			sourceTree = "<group>";
		};
		6398F3F416EE67FB00296AC3 /* Frameworks */ = {
			isa = PBXGroup;
			children = (
				63B66A2E1700E73C004C5021 /* ImageIO.framework */,
				63B66A2C1700DA60004C5021 /* CoreVideo.framework */,
				63B66A2A1700DA3E004C5021 /* CoreMedia.framework */,
				6398F41B16EE686400296AC3 /* AVFoundation.framework */,
				6398F3F516EE67FB00296AC3 /* UIKit.framework */,
				6398F3F716EE67FB00296AC3 /* Foundation.framework */,
				6398F3F916EE67FB00296AC3 /* CoreGraphics.framework */,
			);
			name = Frameworks;
			sourceTree = "<group>";
		};
		6398F3FB16EE67FB00296AC3 /* Cosmic */ = {
			isa = PBXGroup;
			children = (
				6398F40D16EE67FB00296AC3 /* MainStoryboard_iPhone.storyboard */,
				6398F41016EE67FB00296AC3 /* MainStoryboard_iPad.storyboard */,
				FC9249E0174A79340094DFB4 /* CosmicStamp.h */,
				FC9249E1174A79340094DFB4 /* CosmicStamp.m */,
				6398F41F16EE6D6D00296AC3 /* CosmicBrain.h */,
				6398F42016EE6D6D00296AC3 /* CosmicBrain.m */,
				6398F40416EE67FB00296AC3 /* CosmicAppDelegate.h */,
				6398F40516EE67FB00296AC3 /* CosmicAppDelegate.m */,
				6398F41316EE67FB00296AC3 /* CosmicViewController.h */,
				6398F41416EE67FB00296AC3 /* CosmicViewController.m */,
				FC9249DD174A63C60094DFB4 /* CosmicStampViewController.h */,
				FC9249DE174A63C60094DFB4 /* CosmicStampViewController.m */,
				FCF707C117452ECA00BC0D53 /* CosmicCell.h */,
				FCF707C217452ECA00BC0D53 /* CosmicCell.m */,
				FC9249D9174A3B520094DFB4 /* CosmicStampView.h */,
				FC9249DA174A3B520094DFB4 /* CosmicStampView.m */,
				6398F3FC16EE67FB00296AC3 /* Supporting Files */,
			);
			path = Cosmic;
			sourceTree = "<group>";
		};
		6398F3FC16EE67FB00296AC3 /* Supporting Files */ = {
			isa = PBXGroup;
			children = (
				FCA3F2AB174E6E1100B98537 /* cosmic_icon_ipad@2x.png */,
				FCA3F2A9174E6E0E00B98537 /* cosmic_icon_ipad.png */,
				FC6F427A174298C20029EB1C /* cosmic_icon@2x.png */,
				FC6F4278174298BB0029EB1C /* cosmic_icon.png */,
				FC6F4272174296C20029EB1C /* cosmos.png */,
				6398F3FD16EE67FB00296AC3 /* Cosmic-Info.plist */,
				6398F3FE16EE67FB00296AC3 /* InfoPlist.strings */,
				6398F40116EE67FB00296AC3 /* main.m */,
				6398F40316EE67FB00296AC3 /* Cosmic-Prefix.pch */,
				6398F40716EE67FB00296AC3 /* Default.png */,
				6398F40916EE67FB00296AC3 /* Default@2x.png */,
				6398F40B16EE67FB00296AC3 /* Default-568h@2x.png */,
			);
			name = "Supporting Files";
			sourceTree = "<group>";
		};
/* End PBXGroup section */

/* Begin PBXNativeTarget section */
		6398F3F116EE67FA00296AC3 /* Cosmic */ = {
			isa = PBXNativeTarget;
			buildConfigurationList = 6398F41816EE67FB00296AC3 /* Build configuration list for PBXNativeTarget "Cosmic" */;
			buildPhases = (
				6398F3EE16EE67FA00296AC3 /* Sources */,
				6398F3EF16EE67FA00296AC3 /* Frameworks */,
				6398F3F016EE67FA00296AC3 /* Resources */,
			);
			buildRules = (
			);
			dependencies = (
			);
			name = Cosmic;
			productName = Cosmic;
			productReference = 6398F3F216EE67FB00296AC3 /* Cosmic.app */;
			productType = "com.apple.product-type.application";
		};
/* End PBXNativeTarget section */

/* Begin PBXProject section */
		6398F3EA16EE67FA00296AC3 /* Project object */ = {
			isa = PBXProject;
			attributes = {
				CLASSPREFIX = Cosmic;
				LastUpgradeCheck = 0460;
				ORGANIZATIONNAME = "David Kirkby";
			};
			buildConfigurationList = 6398F3ED16EE67FA00296AC3 /* Build configuration list for PBXProject "Cosmic" */;
			compatibilityVersion = "Xcode 3.2";
			developmentRegion = English;
			hasScannedForEncodings = 0;
			knownRegions = (
				en,
			);
			mainGroup = 6398F3E916EE67FA00296AC3;
			productRefGroup = 6398F3F316EE67FB00296AC3 /* Products */;
			projectDirPath = "";
			projectRoot = "";
			targets = (
				6398F3F116EE67FA00296AC3 /* Cosmic */,
			);
		};
/* End PBXProject section */

/* Begin PBXResourcesBuildPhase section */
		6398F3F016EE67FA00296AC3 /* Resources */ = {
			isa = PBXResourcesBuildPhase;
			buildActionMask = 2147483647;
			files = (
				6398F40016EE67FB00296AC3 /* InfoPlist.strings in Resources */,
				6398F40816EE67FB00296AC3 /* Default.png in Resources */,
				6398F40A16EE67FB00296AC3 /* Default@2x.png in Resources */,
				6398F40C16EE67FB00296AC3 /* Default-568h@2x.png in Resources */,
				6398F40F16EE67FB00296AC3 /* MainStoryboard_iPhone.storyboard in Resources */,
				6398F41216EE67FB00296AC3 /* MainStoryboard_iPad.storyboard in Resources */,
				FC6F4273174296C20029EB1C /* cosmos.png in Resources */,
				FCA3F2A3174E6D4E00B98537 /* cosmic_icon.png in Resources */,
				FCA3F2A4174E6D5100B98537 /* cosmic_icon@2x.png in Resources */,
				FCA3F2AA174E6E0E00B98537 /* cosmic_icon_ipad.png in Resources */,
				FCA3F2AC174E6E1100B98537 /* cosmic_icon_ipad@2x.png in Resources */,
			);
			runOnlyForDeploymentPostprocessing = 0;
		};
/* End PBXResourcesBuildPhase section */

/* Begin PBXSourcesBuildPhase section */
		6398F3EE16EE67FA00296AC3 /* Sources */ = {
			isa = PBXSourcesBuildPhase;
			buildActionMask = 2147483647;
			files = (
				6398F40216EE67FB00296AC3 /* main.m in Sources */,
				6398F40616EE67FB00296AC3 /* CosmicAppDelegate.m in Sources */,
				6398F41516EE67FB00296AC3 /* CosmicViewController.m in Sources */,
				6398F42116EE6D6D00296AC3 /* CosmicBrain.m in Sources */,
				FCF707C317452ECA00BC0D53 /* CosmicCell.m in Sources */,
				FC9249DB174A3B520094DFB4 /* CosmicStampView.m in Sources */,
				FC9249DF174A63C60094DFB4 /* CosmicStampViewController.m in Sources */,
				FC9249E2174A79350094DFB4 /* CosmicStamp.m in Sources */,
			);
			runOnlyForDeploymentPostprocessing = 0;
		};
/* End PBXSourcesBuildPhase section */

/* Begin PBXVariantGroup section */
		6398F3FE16EE67FB00296AC3 /* InfoPlist.strings */ = {
			isa = PBXVariantGroup;
			children = (
				6398F3FF16EE67FB00296AC3 /* en */,
			);
			name = InfoPlist.strings;
			sourceTree = "<group>";
		};
		6398F40D16EE67FB00296AC3 /* MainStoryboard_iPhone.storyboard */ = {
			isa = PBXVariantGroup;
			children = (
				6398F40E16EE67FB00296AC3 /* en */,
			);
			name = MainStoryboard_iPhone.storyboard;
			sourceTree = "<group>";
		};
		6398F41016EE67FB00296AC3 /* MainStoryboard_iPad.storyboard */ = {
			isa = PBXVariantGroup;
			children = (
				6398F41116EE67FB00296AC3 /* en */,
			);
			name = MainStoryboard_iPad.storyboard;
			sourceTree = "<group>";
		};
/* End PBXVariantGroup section */

/* Begin XCBuildConfiguration section */
		6398F41616EE67FB00296AC3 /* Debug */ = {
			isa = XCBuildConfiguration;
			buildSettings = {
				ALWAYS_SEARCH_USER_PATHS = NO;
				CLANG_CXX_LANGUAGE_STANDARD = "gnu++0x";
				CLANG_CXX_LIBRARY = "libc++";
				CLANG_ENABLE_OBJC_ARC = YES;
				CLANG_WARN_CONSTANT_CONVERSION = YES;
				CLANG_WARN_EMPTY_BODY = YES;
				CLANG_WARN_ENUM_CONVERSION = YES;
				CLANG_WARN_INT_CONVERSION = YES;
				CLANG_WARN__DUPLICATE_METHOD_MATCH = YES;
				"CODE_SIGN_IDENTITY[sdk=iphoneos*]" = "iPhone Developer";
				COPY_PHASE_STRIP = NO;
				GCC_C_LANGUAGE_STANDARD = gnu99;
				GCC_DYNAMIC_NO_PIC = NO;
				GCC_OPTIMIZATION_LEVEL = 0;
				GCC_PREPROCESSOR_DEFINITIONS = (
					"DEBUG=1",
					"$(inherited)",
				);
				GCC_SYMBOLS_PRIVATE_EXTERN = NO;
				GCC_WARN_ABOUT_RETURN_TYPE = YES;
				GCC_WARN_UNINITIALIZED_AUTOS = YES;
				GCC_WARN_UNUSED_VARIABLE = YES;
				IPHONEOS_DEPLOYMENT_TARGET = 6.1;
				ONLY_ACTIVE_ARCH = YES;
				SDKROOT = iphoneos;
				TARGETED_DEVICE_FAMILY = "1,2";
			};
			name = Debug;
		};
		6398F41716EE67FB00296AC3 /* Release */ = {
			isa = XCBuildConfiguration;
			buildSettings = {
				ALWAYS_SEARCH_USER_PATHS = NO;
				CLANG_CXX_LANGUAGE_STANDARD = "gnu++0x";
				CLANG_CXX_LIBRARY = "libc++";
				CLANG_ENABLE_OBJC_ARC = YES;
				CLANG_WARN_CONSTANT_CONVERSION = YES;
				CLANG_WARN_EMPTY_BODY = YES;
				CLANG_WARN_ENUM_CONVERSION = YES;
				CLANG_WARN_INT_CONVERSION = YES;
				CLANG_WARN__DUPLICATE_METHOD_MATCH = YES;
				"CODE_SIGN_IDENTITY[sdk=iphoneos*]" = "iPhone Developer";
				COPY_PHASE_STRIP = YES;
				GCC_C_LANGUAGE_STANDARD = gnu99;
				GCC_WARN_ABOUT_RETURN_TYPE = YES;
				GCC_WARN_UNINITIALIZED_AUTOS = YES;
				GCC_WARN_UNUSED_VARIABLE = YES;
				IPHONEOS_DEPLOYMENT_TARGET = 6.1;
				OTHER_CFLAGS = "-DNS_BLOCK_ASSERTIONS=1";
				SDKROOT = iphoneos;
				TARGETED_DEVICE_FAMILY = "1,2";
				VALIDATE_PRODUCT = YES;
			};
			name = Release;
		};
		6398F41916EE67FB00296AC3 /* Debug */ = {
			isa = XCBuildConfiguration;
			buildSettings = {
				GCC_PRECOMPILE_PREFIX_HEADER = YES;
				GCC_PREFIX_HEADER = "Cosmic/Cosmic-Prefix.pch";
				INFOPLIST_FILE = "Cosmic/Cosmic-Info.plist";
				PRODUCT_NAME = "$(TARGET_NAME)";
				WRAPPER_EXTENSION = app;
			};
			name = Debug;
		};
		6398F41A16EE67FB00296AC3 /* Release */ = {
			isa = XCBuildConfiguration;
			buildSettings = {
				GCC_PRECOMPILE_PREFIX_HEADER = YES;
				GCC_PREFIX_HEADER = "Cosmic/Cosmic-Prefix.pch";
				INFOPLIST_FILE = "Cosmic/Cosmic-Info.plist";
				PRODUCT_NAME = "$(TARGET_NAME)";
				WRAPPER_EXTENSION = app;
			};
			name = Release;
		};
/* End XCBuildConfiguration section */

/* Begin XCConfigurationList section */
		6398F3ED16EE67FA00296AC3 /* Build configuration list for PBXProject "Cosmic" */ = {
			isa = XCConfigurationList;
			buildConfigurations = (
				6398F41616EE67FB00296AC3 /* Debug */,
				6398F41716EE67FB00296AC3 /* Release */,
			);
			defaultConfigurationIsVisible = 0;
			defaultConfigurationName = Release;
		};
		6398F41816EE67FB00296AC3 /* Build configuration list for PBXNativeTarget "Cosmic" */ = {
			isa = XCConfigurationList;
			buildConfigurations = (
				6398F41916EE67FB00296AC3 /* Debug */,
				6398F41A16EE67FB00296AC3 /* Release */,
			);
			defaultConfigurationIsVisible = 0;
			defaultConfigurationName = Release;
		};
/* End XCConfigurationList section */
	};
	rootObject = 6398F3EA16EE67FA00296AC3 /* Project object */;
}
